// !$*UTF8*$!
{
	archiveVersion = 1;
	classes = {
	};
	objectVersion = 50;
	objects = {

/* Begin PBXBuildFile section */
		26562564257B7799003F5975 /* main.swift in Sources */ = {isa = PBXBuildFile; fileRef = 26562563257B7799003F5975 /* main.swift */; };
		2656256F257B77EE003F5975 /* Y20Day04.swift in Sources */ = {isa = PBXBuildFile; fileRef = 2656256E257B77EE003F5975 /* Y20Day04.swift */; };
		2656257E257B7C28003F5975 /* y20d04.txt in Resources */ = {isa = PBXBuildFile; fileRef = 2656256C257B77B9003F5975 /* y20d04.txt */; };
		26562583257B7C59003F5975 /* AOCInput.bundle in CopyFiles */ = {isa = PBXBuildFile; fileRef = 26562576257B7BF5003F5975 /* AOCInput.bundle */; };
		26562587257B7D54003F5975 /* y20d01.txt in Resources */ = {isa = PBXBuildFile; fileRef = 26562586257B7D54003F5975 /* y20d01.txt */; };
		2656258D257B7D6C003F5975 /* Y20Day01.swift in Sources */ = {isa = PBXBuildFile; fileRef = 2656258C257B7D6C003F5975 /* Y20Day01.swift */; };
		26562591257B7DA4003F5975 /* Y20Day02.swift in Sources */ = {isa = PBXBuildFile; fileRef = 26562590257B7DA4003F5975 /* Y20Day02.swift */; };
		26562595257B7DB2003F5975 /* Y20Day03.swift in Sources */ = {isa = PBXBuildFile; fileRef = 26562594257B7DB2003F5975 /* Y20Day03.swift */; };
		2656259B257B7DBE003F5975 /* Y20Day05.swift in Sources */ = {isa = PBXBuildFile; fileRef = 2656259A257B7DBE003F5975 /* Y20Day05.swift */; };
		265625A1257B7DD5003F5975 /* Y20Day06.swift in Sources */ = {isa = PBXBuildFile; fileRef = 265625A0257B7DD5003F5975 /* Y20Day06.swift */; };
		265625A5257B7DE4003F5975 /* Y20Day07.swift in Sources */ = {isa = PBXBuildFile; fileRef = 265625A4257B7DE4003F5975 /* Y20Day07.swift */; };
		265625A9257B7DF0003F5975 /* Y20Day08.swift in Sources */ = {isa = PBXBuildFile; fileRef = 265625A8257B7DF0003F5975 /* Y20Day08.swift */; };
		265625AD257B7DF7003F5975 /* Y20Day09.swift in Sources */ = {isa = PBXBuildFile; fileRef = 265625AC257B7DF7003F5975 /* Y20Day09.swift */; };
		265625B1257B7E01003F5975 /* Y20Day10.swift in Sources */ = {isa = PBXBuildFile; fileRef = 265625B0257B7E01003F5975 /* Y20Day10.swift */; };
		265625B5257B7E08003F5975 /* Y20Day11.swift in Sources */ = {isa = PBXBuildFile; fileRef = 265625B4257B7E08003F5975 /* Y20Day11.swift */; };
		265625B9257B7E0F003F5975 /* Y20Day12.swift in Sources */ = {isa = PBXBuildFile; fileRef = 265625B8257B7E0F003F5975 /* Y20Day12.swift */; };
		265625BD257B7E17003F5975 /* Y20Day13.swift in Sources */ = {isa = PBXBuildFile; fileRef = 265625BC257B7E17003F5975 /* Y20Day13.swift */; };
		265625C1257B7E20003F5975 /* Y20Day14.swift in Sources */ = {isa = PBXBuildFile; fileRef = 265625C0257B7E20003F5975 /* Y20Day14.swift */; };
		265625C5257B7E27003F5975 /* Y20Day15.swift in Sources */ = {isa = PBXBuildFile; fileRef = 265625C4257B7E27003F5975 /* Y20Day15.swift */; };
		265625C9257B7E2E003F5975 /* Y20Day16.swift in Sources */ = {isa = PBXBuildFile; fileRef = 265625C8257B7E2E003F5975 /* Y20Day16.swift */; };
		265625CD257B7E35003F5975 /* Y20Day17.swift in Sources */ = {isa = PBXBuildFile; fileRef = 265625CC257B7E35003F5975 /* Y20Day17.swift */; };
		265625D1257B7E42003F5975 /* Y20Day18.swift in Sources */ = {isa = PBXBuildFile; fileRef = 265625D0257B7E42003F5975 /* Y20Day18.swift */; };
		265625D5257B7E49003F5975 /* Y20Day19.swift in Sources */ = {isa = PBXBuildFile; fileRef = 265625D4257B7E49003F5975 /* Y20Day19.swift */; };
		265625D9257B7E50003F5975 /* Y20Day20.swift in Sources */ = {isa = PBXBuildFile; fileRef = 265625D8257B7E50003F5975 /* Y20Day20.swift */; };
		265625DD257B7E58003F5975 /* Y20Day21.swift in Sources */ = {isa = PBXBuildFile; fileRef = 265625DC257B7E58003F5975 /* Y20Day21.swift */; };
		265625E1257B7E5E003F5975 /* Y20Day22.swift in Sources */ = {isa = PBXBuildFile; fileRef = 265625E0257B7E5E003F5975 /* Y20Day22.swift */; };
		265625E5257B7E64003F5975 /* Y20Day23.swift in Sources */ = {isa = PBXBuildFile; fileRef = 265625E4257B7E64003F5975 /* Y20Day23.swift */; };
		265625E9257B7E6C003F5975 /* Y20Day24.swift in Sources */ = {isa = PBXBuildFile; fileRef = 265625E8257B7E6C003F5975 /* Y20Day24.swift */; };
		265625ED257B7E73003F5975 /* Y20Day25.swift in Sources */ = {isa = PBXBuildFile; fileRef = 265625EC257B7E73003F5975 /* Y20Day25.swift */; };
		265625F1257B809F003F5975 /* y20d02.txt in Resources */ = {isa = PBXBuildFile; fileRef = 265625F0257B809F003F5975 /* y20d02.txt */; };
		265625F9257B80FB003F5975 /* y20d03.txt in Resources */ = {isa = PBXBuildFile; fileRef = 265625F8257B80FB003F5975 /* y20d03.txt */; };
		265625FF257B81FA003F5975 /* y20d05.txt in Resources */ = {isa = PBXBuildFile; fileRef = 265625FE257B81FA003F5975 /* y20d05.txt */; };
		26562670257B9042003F5975 /* Input.swift in Sources */ = {isa = PBXBuildFile; fileRef = 2656266F257B9042003F5975 /* Input.swift */; };
		26CF8CAB257C614600A4BB0A /* Y15Day01.swift in Sources */ = {isa = PBXBuildFile; fileRef = 26CF8CAA257C614600A4BB0A /* Y15Day01.swift */; };
		26CF8CB2257C619100A4BB0A /* y15d01.txt in Resources */ = {isa = PBXBuildFile; fileRef = 26CF8CB1257C619100A4BB0A /* y15d01.txt */; };
		26CF8CB6257C650800A4BB0A /* Y15Day02.swift in Sources */ = {isa = PBXBuildFile; fileRef = 26CF8CB5257C650800A4BB0A /* Y15Day02.swift */; };
		26CF8CBA257C652000A4BB0A /* y15d02.txt in Resources */ = {isa = PBXBuildFile; fileRef = 26CF8CB9257C652000A4BB0A /* y15d02.txt */; };
		26CF8CBE257C82B400A4BB0A /* y20d06.txt in Resources */ = {isa = PBXBuildFile; fileRef = 26CF8CBD257C82B400A4BB0A /* y20d06.txt */; };
		26CF8CC2257CA8E400A4BB0A /* y15d03.txt in Resources */ = {isa = PBXBuildFile; fileRef = 26CF8CC1257CA8E400A4BB0A /* y15d03.txt */; };
		26CF8CC6257CA90F00A4BB0A /* Y15Day03.swift in Sources */ = {isa = PBXBuildFile; fileRef = 26CF8CC5257CA90F00A4BB0A /* Y15Day03.swift */; };
		26CF8CCA257DE5ED00A4BB0A /* y20d07.txt in Resources */ = {isa = PBXBuildFile; fileRef = 26CF8CC9257DE5ED00A4BB0A /* y20d07.txt */; };
/* End PBXBuildFile section */

/* Begin PBXCopyFilesBuildPhase section */
		2656255E257B7799003F5975 /* CopyFiles */ = {
			isa = PBXCopyFilesBuildPhase;
			buildActionMask = 2147483647;
			dstPath = /usr/share/man/man1/;
			dstSubfolderSpec = 0;
			files = (
				26562583257B7C59003F5975 /* AOCInput.bundle in CopyFiles */,
			);
			runOnlyForDeploymentPostprocessing = 1;
		};
/* End PBXCopyFilesBuildPhase section */

/* Begin PBXFileReference section */
		26562560257B7799003F5975 /* AdventOfCode */ = {isa = PBXFileReference; explicitFileType = "compiled.mach-o.executable"; includeInIndex = 0; path = AdventOfCode; sourceTree = BUILT_PRODUCTS_DIR; };
		26562563257B7799003F5975 /* main.swift */ = {isa = PBXFileReference; lastKnownFileType = sourcecode.swift; path = main.swift; sourceTree = "<group>"; };
		2656256C257B77B9003F5975 /* y20d04.txt */ = {isa = PBXFileReference; lastKnownFileType = text; path = y20d04.txt; sourceTree = "<group>"; };
		2656256E257B77EE003F5975 /* Y20Day04.swift */ = {isa = PBXFileReference; lastKnownFileType = sourcecode.swift; path = Y20Day04.swift; sourceTree = "<group>"; };
		26562576257B7BF5003F5975 /* AOCInput.bundle */ = {isa = PBXFileReference; explicitFileType = wrapper.cfbundle; includeInIndex = 0; path = AOCInput.bundle; sourceTree = BUILT_PRODUCTS_DIR; };
		26562578257B7BF5003F5975 /* Info.plist */ = {isa = PBXFileReference; lastKnownFileType = text.plist.xml; path = Info.plist; sourceTree = "<group>"; };
		26562586257B7D54003F5975 /* y20d01.txt */ = {isa = PBXFileReference; fileEncoding = 4; lastKnownFileType = text; path = y20d01.txt; sourceTree = "<group>"; };
		2656258C257B7D6C003F5975 /* Y20Day01.swift */ = {isa = PBXFileReference; lastKnownFileType = sourcecode.swift; path = Y20Day01.swift; sourceTree = "<group>"; };
		26562590257B7DA4003F5975 /* Y20Day02.swift */ = {isa = PBXFileReference; lastKnownFileType = sourcecode.swift; path = Y20Day02.swift; sourceTree = "<group>"; };
		26562594257B7DB2003F5975 /* Y20Day03.swift */ = {isa = PBXFileReference; lastKnownFileType = sourcecode.swift; path = Y20Day03.swift; sourceTree = "<group>"; };
		2656259A257B7DBE003F5975 /* Y20Day05.swift */ = {isa = PBXFileReference; lastKnownFileType = sourcecode.swift; path = Y20Day05.swift; sourceTree = "<group>"; };
		265625A0257B7DD5003F5975 /* Y20Day06.swift */ = {isa = PBXFileReference; lastKnownFileType = sourcecode.swift; path = Y20Day06.swift; sourceTree = "<group>"; };
		265625A4257B7DE4003F5975 /* Y20Day07.swift */ = {isa = PBXFileReference; lastKnownFileType = sourcecode.swift; path = Y20Day07.swift; sourceTree = "<group>"; };
		265625A8257B7DF0003F5975 /* Y20Day08.swift */ = {isa = PBXFileReference; lastKnownFileType = sourcecode.swift; path = Y20Day08.swift; sourceTree = "<group>"; };
		265625AC257B7DF7003F5975 /* Y20Day09.swift */ = {isa = PBXFileReference; lastKnownFileType = sourcecode.swift; path = Y20Day09.swift; sourceTree = "<group>"; };
		265625B0257B7E01003F5975 /* Y20Day10.swift */ = {isa = PBXFileReference; lastKnownFileType = sourcecode.swift; path = Y20Day10.swift; sourceTree = "<group>"; };
		265625B4257B7E08003F5975 /* Y20Day11.swift */ = {isa = PBXFileReference; lastKnownFileType = sourcecode.swift; path = Y20Day11.swift; sourceTree = "<group>"; };
		265625B8257B7E0F003F5975 /* Y20Day12.swift */ = {isa = PBXFileReference; lastKnownFileType = sourcecode.swift; path = Y20Day12.swift; sourceTree = "<group>"; };
		265625BC257B7E17003F5975 /* Y20Day13.swift */ = {isa = PBXFileReference; lastKnownFileType = sourcecode.swift; path = Y20Day13.swift; sourceTree = "<group>"; };
		265625C0257B7E20003F5975 /* Y20Day14.swift */ = {isa = PBXFileReference; lastKnownFileType = sourcecode.swift; path = Y20Day14.swift; sourceTree = "<group>"; };
		265625C4257B7E27003F5975 /* Y20Day15.swift */ = {isa = PBXFileReference; lastKnownFileType = sourcecode.swift; path = Y20Day15.swift; sourceTree = "<group>"; };
		265625C8257B7E2E003F5975 /* Y20Day16.swift */ = {isa = PBXFileReference; lastKnownFileType = sourcecode.swift; path = Y20Day16.swift; sourceTree = "<group>"; };
		265625CC257B7E35003F5975 /* Y20Day17.swift */ = {isa = PBXFileReference; lastKnownFileType = sourcecode.swift; path = Y20Day17.swift; sourceTree = "<group>"; };
		265625D0257B7E42003F5975 /* Y20Day18.swift */ = {isa = PBXFileReference; lastKnownFileType = sourcecode.swift; path = Y20Day18.swift; sourceTree = "<group>"; };
		265625D4257B7E49003F5975 /* Y20Day19.swift */ = {isa = PBXFileReference; lastKnownFileType = sourcecode.swift; path = Y20Day19.swift; sourceTree = "<group>"; };
		265625D8257B7E50003F5975 /* Y20Day20.swift */ = {isa = PBXFileReference; lastKnownFileType = sourcecode.swift; path = Y20Day20.swift; sourceTree = "<group>"; };
		265625DC257B7E58003F5975 /* Y20Day21.swift */ = {isa = PBXFileReference; lastKnownFileType = sourcecode.swift; path = Y20Day21.swift; sourceTree = "<group>"; };
		265625E0257B7E5E003F5975 /* Y20Day22.swift */ = {isa = PBXFileReference; lastKnownFileType = sourcecode.swift; path = Y20Day22.swift; sourceTree = "<group>"; };
		265625E4257B7E64003F5975 /* Y20Day23.swift */ = {isa = PBXFileReference; lastKnownFileType = sourcecode.swift; path = Y20Day23.swift; sourceTree = "<group>"; };
		265625E8257B7E6C003F5975 /* Y20Day24.swift */ = {isa = PBXFileReference; lastKnownFileType = sourcecode.swift; path = Y20Day24.swift; sourceTree = "<group>"; };
		265625EC257B7E73003F5975 /* Y20Day25.swift */ = {isa = PBXFileReference; lastKnownFileType = sourcecode.swift; path = Y20Day25.swift; sourceTree = "<group>"; };
		265625F0257B809F003F5975 /* y20d02.txt */ = {isa = PBXFileReference; fileEncoding = 4; lastKnownFileType = text; path = y20d02.txt; sourceTree = "<group>"; };
		265625F8257B80FB003F5975 /* y20d03.txt */ = {isa = PBXFileReference; fileEncoding = 4; lastKnownFileType = text; path = y20d03.txt; sourceTree = "<group>"; };
		265625FE257B81FA003F5975 /* y20d05.txt */ = {isa = PBXFileReference; fileEncoding = 4; lastKnownFileType = text; path = y20d05.txt; sourceTree = "<group>"; };
		26562604257B83DA003F5975 /* README.md */ = {isa = PBXFileReference; lastKnownFileType = net.daringfireball.markdown; path = README.md; sourceTree = "<group>"; };
		26562605257B83F1003F5975 /* LICENSE */ = {isa = PBXFileReference; lastKnownFileType = text; path = LICENSE; sourceTree = "<group>"; };
		2656266F257B9042003F5975 /* Input.swift */ = {isa = PBXFileReference; lastKnownFileType = sourcecode.swift; path = Input.swift; sourceTree = "<group>"; };
		265626A9257BB5E7003F5975 /* .swiftlint.yml */ = {isa = PBXFileReference; lastKnownFileType = text.yaml; path = .swiftlint.yml; sourceTree = "<group>"; };
		26CF8CAA257C614600A4BB0A /* Y15Day01.swift */ = {isa = PBXFileReference; lastKnownFileType = sourcecode.swift; path = Y15Day01.swift; sourceTree = "<group>"; };
		26CF8CB1257C619100A4BB0A /* y15d01.txt */ = {isa = PBXFileReference; lastKnownFileType = text; path = y15d01.txt; sourceTree = "<group>"; };
		26CF8CB5257C650800A4BB0A /* Y15Day02.swift */ = {isa = PBXFileReference; lastKnownFileType = sourcecode.swift; path = Y15Day02.swift; sourceTree = "<group>"; };
		26CF8CB9257C652000A4BB0A /* y15d02.txt */ = {isa = PBXFileReference; lastKnownFileType = text; path = y15d02.txt; sourceTree = "<group>"; };
		26CF8CBD257C82B400A4BB0A /* y20d06.txt */ = {isa = PBXFileReference; lastKnownFileType = text; path = y20d06.txt; sourceTree = "<group>"; };
		26CF8CC1257CA8E400A4BB0A /* y15d03.txt */ = {isa = PBXFileReference; lastKnownFileType = text; path = y15d03.txt; sourceTree = "<group>"; };
		26CF8CC5257CA90F00A4BB0A /* Y15Day03.swift */ = {isa = PBXFileReference; lastKnownFileType = sourcecode.swift; path = Y15Day03.swift; sourceTree = "<group>"; };
		26CF8CC9257DE5ED00A4BB0A /* y20d07.txt */ = {isa = PBXFileReference; lastKnownFileType = text; path = y20d07.txt; sourceTree = "<group>"; };
/* End PBXFileReference section */

/* Begin PBXFrameworksBuildPhase section */
		2656255D257B7799003F5975 /* Frameworks */ = {
			isa = PBXFrameworksBuildPhase;
			buildActionMask = 2147483647;
			files = (
			);
			runOnlyForDeploymentPostprocessing = 0;
		};
		26562573257B7BF5003F5975 /* Frameworks */ = {
			isa = PBXFrameworksBuildPhase;
			buildActionMask = 2147483647;
			files = (
			);
			runOnlyForDeploymentPostprocessing = 0;
		};
/* End PBXFrameworksBuildPhase section */

/* Begin PBXGroup section */
		26562557257B7799003F5975 = {
			isa = PBXGroup;
			children = (
				265626A9257BB5E7003F5975 /* .swiftlint.yml */,
				26562605257B83F1003F5975 /* LICENSE */,
				26562604257B83DA003F5975 /* README.md */,
				26562562257B7799003F5975 /* AdventOfCode */,
				26562577257B7BF5003F5975 /* AOCInput */,
				26562561257B7799003F5975 /* Products */,
			);
			sourceTree = "<group>";
		};
		26562561257B7799003F5975 /* Products */ = {
			isa = PBXGroup;
			children = (
				26562560257B7799003F5975 /* AdventOfCode */,
				26562576257B7BF5003F5975 /* AOCInput.bundle */,
			);
			name = Products;
			sourceTree = "<group>";
		};
		26562562257B7799003F5975 /* AdventOfCode */ = {
			isa = PBXGroup;
			children = (
				2656266E257B9034003F5975 /* Helper */,
				26CF8CA9257C612500A4BB0A /* 2015 */,
				2656256D257B77CB003F5975 /* 2020 */,
				26562563257B7799003F5975 /* main.swift */,
			);
			path = AdventOfCode;
			sourceTree = "<group>";
		};
		2656256D257B77CB003F5975 /* 2020 */ = {
			isa = PBXGroup;
			children = (
				2656258C257B7D6C003F5975 /* Y20Day01.swift */,
				26562590257B7DA4003F5975 /* Y20Day02.swift */,
				26562594257B7DB2003F5975 /* Y20Day03.swift */,
				2656256E257B77EE003F5975 /* Y20Day04.swift */,
				2656259A257B7DBE003F5975 /* Y20Day05.swift */,
				265625A0257B7DD5003F5975 /* Y20Day06.swift */,
				265625A4257B7DE4003F5975 /* Y20Day07.swift */,
				265625A8257B7DF0003F5975 /* Y20Day08.swift */,
				265625AC257B7DF7003F5975 /* Y20Day09.swift */,
				265625B0257B7E01003F5975 /* Y20Day10.swift */,
				265625B4257B7E08003F5975 /* Y20Day11.swift */,
				265625B8257B7E0F003F5975 /* Y20Day12.swift */,
				265625BC257B7E17003F5975 /* Y20Day13.swift */,
				265625C0257B7E20003F5975 /* Y20Day14.swift */,
				265625C4257B7E27003F5975 /* Y20Day15.swift */,
				265625C8257B7E2E003F5975 /* Y20Day16.swift */,
				265625CC257B7E35003F5975 /* Y20Day17.swift */,
				265625D0257B7E42003F5975 /* Y20Day18.swift */,
				265625D4257B7E49003F5975 /* Y20Day19.swift */,
				265625D8257B7E50003F5975 /* Y20Day20.swift */,
				265625DC257B7E58003F5975 /* Y20Day21.swift */,
				265625E0257B7E5E003F5975 /* Y20Day22.swift */,
				265625E4257B7E64003F5975 /* Y20Day23.swift */,
				265625E8257B7E6C003F5975 /* Y20Day24.swift */,
				265625EC257B7E73003F5975 /* Y20Day25.swift */,
			);
			path = 2020;
			sourceTree = "<group>";
		};
		26562577257B7BF5003F5975 /* AOCInput */ = {
			isa = PBXGroup;
			children = (
				26CF8CB0257C617C00A4BB0A /* 2015 */,
				26CF8CA6257C603900A4BB0A /* 2020 */,
				26562578257B7BF5003F5975 /* Info.plist */,
			);
			path = AOCInput;
			sourceTree = "<group>";
		};
		2656266E257B9034003F5975 /* Helper */ = {
			isa = PBXGroup;
			children = (
				2656266F257B9042003F5975 /* Input.swift */,
			);
			path = Helper;
			sourceTree = "<group>";
		};
		26CF8CA6257C603900A4BB0A /* 2020 */ = {
			isa = PBXGroup;
			children = (
				26562586257B7D54003F5975 /* y20d01.txt */,
				265625F0257B809F003F5975 /* y20d02.txt */,
				265625F8257B80FB003F5975 /* y20d03.txt */,
				2656256C257B77B9003F5975 /* y20d04.txt */,
				265625FE257B81FA003F5975 /* y20d05.txt */,
				26CF8CBD257C82B400A4BB0A /* y20d06.txt */,
				26CF8CC9257DE5ED00A4BB0A /* y20d07.txt */,
			);
			path = 2020;
			sourceTree = "<group>";
		};
		26CF8CA9257C612500A4BB0A /* 2015 */ = {
			isa = PBXGroup;
			children = (
				26CF8CAA257C614600A4BB0A /* Y15Day01.swift */,
				26CF8CB5257C650800A4BB0A /* Y15Day02.swift */,
				26CF8CC5257CA90F00A4BB0A /* Y15Day03.swift */,
			);
			path = 2015;
			sourceTree = "<group>";
		};
		26CF8CB0257C617C00A4BB0A /* 2015 */ = {
			isa = PBXGroup;
			children = (
				26CF8CB1257C619100A4BB0A /* y15d01.txt */,
				26CF8CB9257C652000A4BB0A /* y15d02.txt */,
				26CF8CC1257CA8E400A4BB0A /* y15d03.txt */,
			);
			path = 2015;
			sourceTree = "<group>";
		};
/* End PBXGroup section */

/* Begin PBXNativeTarget section */
		2656255F257B7799003F5975 /* AdventOfCode */ = {
			isa = PBXNativeTarget;
			buildConfigurationList = 26562567257B7799003F5975 /* Build configuration list for PBXNativeTarget "AdventOfCode" */;
			buildPhases = (
				2656255C257B7799003F5975 /* Sources */,
				2656255D257B7799003F5975 /* Frameworks */,
				2656255E257B7799003F5975 /* CopyFiles */,
				265626AA257BB605003F5975 /* ShellScript */,
			);
			buildRules = (
			);
			dependencies = (
			);
			name = AdventOfCode;
			productName = AdventOfCode;
			productReference = 26562560257B7799003F5975 /* AdventOfCode */;
			productType = "com.apple.product-type.tool";
		};
		26562575257B7BF5003F5975 /* AOCInput */ = {
			isa = PBXNativeTarget;
			buildConfigurationList = 26562579257B7BF5003F5975 /* Build configuration list for PBXNativeTarget "AOCInput" */;
			buildPhases = (
				26562572257B7BF5003F5975 /* Sources */,
				26562573257B7BF5003F5975 /* Frameworks */,
				26562574257B7BF5003F5975 /* Resources */,
			);
			buildRules = (
			);
			dependencies = (
			);
			name = AOCInput;
			productName = AOCInput;
			productReference = 26562576257B7BF5003F5975 /* AOCInput.bundle */;
			productType = "com.apple.product-type.bundle";
		};
/* End PBXNativeTarget section */

/* Begin PBXProject section */
		26562558257B7799003F5975 /* Project object */ = {
			isa = PBXProject;
			attributes = {
				LastSwiftUpdateCheck = 1220;
				LastUpgradeCheck = 1220;
				TargetAttributes = {
					2656255F257B7799003F5975 = {
						CreatedOnToolsVersion = 12.2;
					};
					26562575257B7BF5003F5975 = {
						CreatedOnToolsVersion = 12.2;
					};
				};
			};
			buildConfigurationList = 2656255B257B7799003F5975 /* Build configuration list for PBXProject "AdventOfCode" */;
			compatibilityVersion = "Xcode 9.3";
			developmentRegion = en;
			hasScannedForEncodings = 0;
			knownRegions = (
				en,
				Base,
			);
			mainGroup = 26562557257B7799003F5975;
			productRefGroup = 26562561257B7799003F5975 /* Products */;
			projectDirPath = "";
			projectRoot = "";
			targets = (
				2656255F257B7799003F5975 /* AdventOfCode */,
				26562575257B7BF5003F5975 /* AOCInput */,
			);
		};
/* End PBXProject section */

/* Begin PBXResourcesBuildPhase section */
		26562574257B7BF5003F5975 /* Resources */ = {
			isa = PBXResourcesBuildPhase;
			buildActionMask = 2147483647;
			files = (
				2656257E257B7C28003F5975 /* y20d04.txt in Resources */,
				265625FF257B81FA003F5975 /* y20d05.txt in Resources */,
				26CF8CC2257CA8E400A4BB0A /* y15d03.txt in Resources */,
				26CF8CBA257C652000A4BB0A /* y15d02.txt in Resources */,
				26562587257B7D54003F5975 /* y20d01.txt in Resources */,
				265625F1257B809F003F5975 /* y20d02.txt in Resources */,
				26CF8CCA257DE5ED00A4BB0A /* y20d07.txt in Resources */,
				26CF8CBE257C82B400A4BB0A /* y20d06.txt in Resources */,
				26CF8CB2257C619100A4BB0A /* y15d01.txt in Resources */,
				265625F9257B80FB003F5975 /* y20d03.txt in Resources */,
			);
			runOnlyForDeploymentPostprocessing = 0;
		};
/* End PBXResourcesBuildPhase section */

/* Begin PBXShellScriptBuildPhase section */
		265626AA257BB605003F5975 /* ShellScript */ = {
			isa = PBXShellScriptBuildPhase;
			buildActionMask = 2147483647;
			files = (
			);
			inputFileListPaths = (
			);
			inputPaths = (
			);
			outputFileListPaths = (
			);
			outputPaths = (
			);
			runOnlyForDeploymentPostprocessing = 0;
			shellPath = /bin/sh;
			shellScript = "if which swiftlint >/dev/null; then\n  swiftlint\nelse\n  echo \"warning: SwiftLint not installed, download from https://github.com/realm/SwiftLint\"\nfi\n";
		};
/* End PBXShellScriptBuildPhase section */

/* Begin PBXSourcesBuildPhase section */
		2656255C257B7799003F5975 /* Sources */ = {
			isa = PBXSourcesBuildPhase;
			buildActionMask = 2147483647;
			files = (
				265625A1257B7DD5003F5975 /* Y20Day06.swift in Sources */,
				265625E5257B7E64003F5975 /* Y20Day23.swift in Sources */,
				2656256F257B77EE003F5975 /* Y20Day04.swift in Sources */,
				26CF8CC6257CA90F00A4BB0A /* Y15Day03.swift in Sources */,
				265625E9257B7E6C003F5975 /* Y20Day24.swift in Sources */,
				265625BD257B7E17003F5975 /* Y20Day13.swift in Sources */,
				265625DD257B7E58003F5975 /* Y20Day21.swift in Sources */,
				265625B5257B7E08003F5975 /* Y20Day11.swift in Sources */,
				26562564257B7799003F5975 /* main.swift in Sources */,
				265625A5257B7DE4003F5975 /* Y20Day07.swift in Sources */,
				26562591257B7DA4003F5975 /* Y20Day02.swift in Sources */,
				26CF8CB6257C650800A4BB0A /* Y15Day02.swift in Sources */,
				265625A9257B7DF0003F5975 /* Y20Day08.swift in Sources */,
				26562595257B7DB2003F5975 /* Y20Day03.swift in Sources */,
				265625B1257B7E01003F5975 /* Y20Day10.swift in Sources */,
				265625ED257B7E73003F5975 /* Y20Day25.swift in Sources */,
				26562670257B9042003F5975 /* Input.swift in Sources */,
				265625CD257B7E35003F5975 /* Y20Day17.swift in Sources */,
				265625D9257B7E50003F5975 /* Y20Day20.swift in Sources */,
				265625C5257B7E27003F5975 /* Y20Day15.swift in Sources */,
				265625B9257B7E0F003F5975 /* Y20Day12.swift in Sources */,
				26CF8CAB257C614600A4BB0A /* Y15Day01.swift in Sources */,
				265625D1257B7E42003F5975 /* Y20Day18.swift in Sources */,
				2656258D257B7D6C003F5975 /* Y20Day01.swift in Sources */,
				2656259B257B7DBE003F5975 /* Y20Day05.swift in Sources */,
				265625AD257B7DF7003F5975 /* Y20Day09.swift in Sources */,
				265625C1257B7E20003F5975 /* Y20Day14.swift in Sources */,
				265625D5257B7E49003F5975 /* Y20Day19.swift in Sources */,
				265625C9257B7E2E003F5975 /* Y20Day16.swift in Sources */,
				265625E1257B7E5E003F5975 /* Y20Day22.swift in Sources */,
			);
			runOnlyForDeploymentPostprocessing = 0;
		};
		26562572257B7BF5003F5975 /* Sources */ = {
			isa = PBXSourcesBuildPhase;
			buildActionMask = 2147483647;
			files = (
			);
			runOnlyForDeploymentPostprocessing = 0;
		};
/* End PBXSourcesBuildPhase section */

/* Begin XCBuildConfiguration section */
		26562565257B7799003F5975 /* Debug */ = {
			isa = XCBuildConfiguration;
			buildSettings = {
				ALWAYS_SEARCH_USER_PATHS = NO;
				CLANG_ANALYZER_NONNULL = YES;
				CLANG_ANALYZER_NUMBER_OBJECT_CONVERSION = YES_AGGRESSIVE;
				CLANG_CXX_LANGUAGE_STANDARD = "gnu++14";
				CLANG_CXX_LIBRARY = "libc++";
				CLANG_ENABLE_MODULES = YES;
				CLANG_ENABLE_OBJC_ARC = YES;
				CLANG_ENABLE_OBJC_WEAK = YES;
				CLANG_WARN_BLOCK_CAPTURE_AUTORELEASING = YES;
				CLANG_WARN_BOOL_CONVERSION = YES;
				CLANG_WARN_COMMA = YES;
				CLANG_WARN_CONSTANT_CONVERSION = YES;
				CLANG_WARN_DEPRECATED_OBJC_IMPLEMENTATIONS = YES;
				CLANG_WARN_DIRECT_OBJC_ISA_USAGE = YES_ERROR;
				CLANG_WARN_DOCUMENTATION_COMMENTS = YES;
				CLANG_WARN_EMPTY_BODY = YES;
				CLANG_WARN_ENUM_CONVERSION = YES;
				CLANG_WARN_INFINITE_RECURSION = YES;
				CLANG_WARN_INT_CONVERSION = YES;
				CLANG_WARN_NON_LITERAL_NULL_CONVERSION = YES;
				CLANG_WARN_OBJC_IMPLICIT_RETAIN_SELF = YES;
				CLANG_WARN_OBJC_LITERAL_CONVERSION = YES;
				CLANG_WARN_OBJC_ROOT_CLASS = YES_ERROR;
				CLANG_WARN_QUOTED_INCLUDE_IN_FRAMEWORK_HEADER = YES;
				CLANG_WARN_RANGE_LOOP_ANALYSIS = YES;
				CLANG_WARN_STRICT_PROTOTYPES = YES;
				CLANG_WARN_SUSPICIOUS_MOVE = YES;
				CLANG_WARN_UNGUARDED_AVAILABILITY = YES_AGGRESSIVE;
				CLANG_WARN_UNREACHABLE_CODE = YES;
				CLANG_WARN__DUPLICATE_METHOD_MATCH = YES;
				COPY_PHASE_STRIP = NO;
				DEBUG_INFORMATION_FORMAT = dwarf;
				ENABLE_STRICT_OBJC_MSGSEND = YES;
				ENABLE_TESTABILITY = YES;
				GCC_C_LANGUAGE_STANDARD = gnu11;
				GCC_DYNAMIC_NO_PIC = NO;
				GCC_NO_COMMON_BLOCKS = YES;
				GCC_OPTIMIZATION_LEVEL = 0;
				GCC_PREPROCESSOR_DEFINITIONS = (
					"DEBUG=1",
					"$(inherited)",
				);
				GCC_WARN_64_TO_32_BIT_CONVERSION = YES;
				GCC_WARN_ABOUT_RETURN_TYPE = YES_ERROR;
				GCC_WARN_UNDECLARED_SELECTOR = YES;
				GCC_WARN_UNINITIALIZED_AUTOS = YES_AGGRESSIVE;
				GCC_WARN_UNUSED_FUNCTION = YES;
				GCC_WARN_UNUSED_VARIABLE = YES;
				MACOSX_DEPLOYMENT_TARGET = 11.0;
				MTL_ENABLE_DEBUG_INFO = INCLUDE_SOURCE;
				MTL_FAST_MATH = YES;
				ONLY_ACTIVE_ARCH = YES;
				SDKROOT = macosx;
				SWIFT_ACTIVE_COMPILATION_CONDITIONS = DEBUG;
				SWIFT_OPTIMIZATION_LEVEL = "-Onone";
			};
			name = Debug;
		};
		26562566257B7799003F5975 /* Release */ = {
			isa = XCBuildConfiguration;
			buildSettings = {
				ALWAYS_SEARCH_USER_PATHS = NO;
				CLANG_ANALYZER_NONNULL = YES;
				CLANG_ANALYZER_NUMBER_OBJECT_CONVERSION = YES_AGGRESSIVE;
				CLANG_CXX_LANGUAGE_STANDARD = "gnu++14";
				CLANG_CXX_LIBRARY = "libc++";
				CLANG_ENABLE_MODULES = YES;
				CLANG_ENABLE_OBJC_ARC = YES;
				CLANG_ENABLE_OBJC_WEAK = YES;
				CLANG_WARN_BLOCK_CAPTURE_AUTORELEASING = YES;
				CLANG_WARN_BOOL_CONVERSION = YES;
				CLANG_WARN_COMMA = YES;
				CLANG_WARN_CONSTANT_CONVERSION = YES;
				CLANG_WARN_DEPRECATED_OBJC_IMPLEMENTATIONS = YES;
				CLANG_WARN_DIRECT_OBJC_ISA_USAGE = YES_ERROR;
				CLANG_WARN_DOCUMENTATION_COMMENTS = YES;
				CLANG_WARN_EMPTY_BODY = YES;
				CLANG_WARN_ENUM_CONVERSION = YES;
				CLANG_WARN_INFINITE_RECURSION = YES;
				CLANG_WARN_INT_CONVERSION = YES;
				CLANG_WARN_NON_LITERAL_NULL_CONVERSION = YES;
				CLANG_WARN_OBJC_IMPLICIT_RETAIN_SELF = YES;
				CLANG_WARN_OBJC_LITERAL_CONVERSION = YES;
				CLANG_WARN_OBJC_ROOT_CLASS = YES_ERROR;
				CLANG_WARN_QUOTED_INCLUDE_IN_FRAMEWORK_HEADER = YES;
				CLANG_WARN_RANGE_LOOP_ANALYSIS = YES;
				CLANG_WARN_STRICT_PROTOTYPES = YES;
				CLANG_WARN_SUSPICIOUS_MOVE = YES;
				CLANG_WARN_UNGUARDED_AVAILABILITY = YES_AGGRESSIVE;
				CLANG_WARN_UNREACHABLE_CODE = YES;
				CLANG_WARN__DUPLICATE_METHOD_MATCH = YES;
				COPY_PHASE_STRIP = NO;
				DEBUG_INFORMATION_FORMAT = "dwarf-with-dsym";
				ENABLE_NS_ASSERTIONS = NO;
				ENABLE_STRICT_OBJC_MSGSEND = YES;
				GCC_C_LANGUAGE_STANDARD = gnu11;
				GCC_NO_COMMON_BLOCKS = YES;
				GCC_WARN_64_TO_32_BIT_CONVERSION = YES;
				GCC_WARN_ABOUT_RETURN_TYPE = YES_ERROR;
				GCC_WARN_UNDECLARED_SELECTOR = YES;
				GCC_WARN_UNINITIALIZED_AUTOS = YES_AGGRESSIVE;
				GCC_WARN_UNUSED_FUNCTION = YES;
				GCC_WARN_UNUSED_VARIABLE = YES;
				MACOSX_DEPLOYMENT_TARGET = 11.0;
				MTL_ENABLE_DEBUG_INFO = NO;
				MTL_FAST_MATH = YES;
				SDKROOT = macosx;
				SWIFT_COMPILATION_MODE = wholemodule;
				SWIFT_OPTIMIZATION_LEVEL = "-O";
			};
			name = Release;
		};
		26562568257B7799003F5975 /* Debug */ = {
			isa = XCBuildConfiguration;
			buildSettings = {
				CODE_SIGN_STYLE = Automatic;
				DEVELOPMENT_TEAM = 2Q3F2B636C;
				ENABLE_HARDENED_RUNTIME = YES;
				PRODUCT_NAME = "$(TARGET_NAME)";
				SWIFT_VERSION = 5.0;
			};
			name = Debug;
		};
		26562569257B7799003F5975 /* Release */ = {
			isa = XCBuildConfiguration;
			buildSettings = {
				CODE_SIGN_STYLE = Automatic;
				DEVELOPMENT_TEAM = 2Q3F2B636C;
				ENABLE_HARDENED_RUNTIME = YES;
				PRODUCT_NAME = "$(TARGET_NAME)";
				SWIFT_VERSION = 5.0;
			};
			name = Release;
		};
		2656257A257B7BF5003F5975 /* Debug */ = {
			isa = XCBuildConfiguration;
			buildSettings = {
				CODE_SIGN_STYLE = Automatic;
				COMBINE_HIDPI_IMAGES = YES;
				DEVELOPMENT_TEAM = 2Q3F2B636C;
				INFOPLIST_FILE = AOCInput/Info.plist;
				INSTALL_PATH = "$(LOCAL_LIBRARY_DIR)/Bundles";
				PRODUCT_BUNDLE_IDENTIFIER = com.lighthouse16.AOCInput;
				PRODUCT_NAME = "$(TARGET_NAME)";
				SKIP_INSTALL = YES;
				WRAPPER_EXTENSION = bundle;
			};
			name = Debug;
		};
		2656257B257B7BF5003F5975 /* Release */ = {
			isa = XCBuildConfiguration;
			buildSettings = {
				CODE_SIGN_STYLE = Automatic;
				COMBINE_HIDPI_IMAGES = YES;
				DEVELOPMENT_TEAM = 2Q3F2B636C;
				INFOPLIST_FILE = AOCInput/Info.plist;
				INSTALL_PATH = "$(LOCAL_LIBRARY_DIR)/Bundles";
				PRODUCT_BUNDLE_IDENTIFIER = com.lighthouse16.AOCInput;
				PRODUCT_NAME = "$(TARGET_NAME)";
				SKIP_INSTALL = YES;
				WRAPPER_EXTENSION = bundle;
			};
			name = Release;
		};
/* End XCBuildConfiguration section */

/* Begin XCConfigurationList section */
		2656255B257B7799003F5975 /* Build configuration list for PBXProject "AdventOfCode" */ = {
			isa = XCConfigurationList;
			buildConfigurations = (
				26562565257B7799003F5975 /* Debug */,
				26562566257B7799003F5975 /* Release */,
			);
			defaultConfigurationIsVisible = 0;
			defaultConfigurationName = Release;
		};
		26562567257B7799003F5975 /* Build configuration list for PBXNativeTarget "AdventOfCode" */ = {
			isa = XCConfigurationList;
			buildConfigurations = (
				26562568257B7799003F5975 /* Debug */,
				26562569257B7799003F5975 /* Release */,
			);
			defaultConfigurationIsVisible = 0;
			defaultConfigurationName = Release;
		};
		26562579257B7BF5003F5975 /* Build configuration list for PBXNativeTarget "AOCInput" */ = {
			isa = XCConfigurationList;
			buildConfigurations = (
				2656257A257B7BF5003F5975 /* Debug */,
				2656257B257B7BF5003F5975 /* Release */,
			);
			defaultConfigurationIsVisible = 0;
			defaultConfigurationName = Release;
		};
/* End XCConfigurationList section */
	};
	rootObject = 26562558257B7799003F5975 /* Project object */;
}
